// !$*UTF8*$!
{
	archiveVersion = 1;
	classes = {
	};
	objectVersion = 46;
	objects = {

/* Begin PBXBuildFile section */
		52F638A14F2287E46E720DDC /* Pods.framework in Frameworks */ = {isa = PBXBuildFile; fileRef = F2F6B3438E2E8B4FF5D0FBEB /* Pods.framework */; settings = {ATTRIBUTES = (Weak, ); }; };
		B405617C1B32DCFE00A56B02 /* MapKit.framework in Frameworks */ = {isa = PBXBuildFile; fileRef = B405617B1B32DCFE00A56B02 /* MapKit.framework */; };
		B408A99F1B1EF33B00D8466D /* Roboto-Medium.ttf in Resources */ = {isa = PBXBuildFile; fileRef = B408A99C1B1EF33B00D8466D /* Roboto-Medium.ttf */; };
		B408A9A01B1EF33B00D8466D /* Roboto-Regular.ttf in Resources */ = {isa = PBXBuildFile; fileRef = B408A99D1B1EF33B00D8466D /* Roboto-Regular.ttf */; };
		B408A9A11B1EF33B00D8466D /* Roboto-Thin.ttf in Resources */ = {isa = PBXBuildFile; fileRef = B408A99E1B1EF33B00D8466D /* Roboto-Thin.ttf */; };
		B408A9A41B1F82F500D8466D /* StudentLocation.swift in Sources */ = {isa = PBXBuildFile; fileRef = B408A9A31B1F82F500D8466D /* StudentLocation.swift */; };
		B408F1841B6247580053D158 /* BorderedButton.swift in Sources */ = {isa = PBXBuildFile; fileRef = B408F1831B6247580053D158 /* BorderedButton.swift */; };
		B40B974B1B36BEB100A68A37 /* InfoPostingViewController.swift in Sources */ = {isa = PBXBuildFile; fileRef = B40B974A1B36BEB100A68A37 /* InfoPostingViewController.swift */; };
		B41A46BE1B6459FE0020C36F /* SLViewController.swift in Sources */ = {isa = PBXBuildFile; fileRef = B41A46BD1B6459FE0020C36F /* SLViewController.swift */; };
		B42228711B55B0FD00B81DBF /* AlertWarning.swift in Sources */ = {isa = PBXBuildFile; fileRef = B42228701B55B0FD00B81DBF /* AlertWarning.swift */; };
		B42C1E1B1B4BC4E400C31214 /* APIConvenience.swift in Sources */ = {isa = PBXBuildFile; fileRef = B42C1E1A1B4BC4E400C31214 /* APIConvenience.swift */; };
		B44799C41B54615300472AB8 /* NavigationBar.swift in Sources */ = {isa = PBXBuildFile; fileRef = B44799C31B54615300472AB8 /* NavigationBar.swift */; };
		B49072541AE6D471004E1464 /* AppDelegate.swift in Sources */ = {isa = PBXBuildFile; fileRef = B49072531AE6D471004E1464 /* AppDelegate.swift */; };
		B49072591AE6D471004E1464 /* Main.storyboard in Resources */ = {isa = PBXBuildFile; fileRef = B49072571AE6D471004E1464 /* Main.storyboard */; };
		B490725B1AE6D471004E1464 /* Images.xcassets in Resources */ = {isa = PBXBuildFile; fileRef = B490725A1AE6D471004E1464 /* Images.xcassets */; };
		B490725E1AE6D471004E1464 /* LaunchScreen.xib in Resources */ = {isa = PBXBuildFile; fileRef = B490725C1AE6D471004E1464 /* LaunchScreen.xib */; };
		B490726A1AE6D471004E1464 /* OnTheMapTests.swift in Sources */ = {isa = PBXBuildFile; fileRef = B49072691AE6D471004E1464 /* OnTheMapTests.swift */; };
		B49E51D01B300716006D9523 /* MapViewController.swift in Sources */ = {isa = PBXBuildFile; fileRef = B49E51CF1B300716006D9523 /* MapViewController.swift */; };
		B49E51D21B300A49006D9523 /* ListViewController.swift in Sources */ = {isa = PBXBuildFile; fileRef = B49E51D11B300A49006D9523 /* ListViewController.swift */; };
		B4E24B291AFE8257004D3543 /* LoginViewController.swift in Sources */ = {isa = PBXBuildFile; fileRef = B4E24B281AFE8257004D3543 /* LoginViewController.swift */; };
		B4E24B2E1B009A92004D3543 /* APIClient.swift in Sources */ = {isa = PBXBuildFile; fileRef = B4E24B2D1B009A92004D3543 /* APIClient.swift */; };
		B4E24B301B0606D6004D3543 /* APIConstants.swift in Sources */ = {isa = PBXBuildFile; fileRef = B4E24B2F1B0606D6004D3543 /* APIConstants.swift */; };
/* End PBXBuildFile section */

/* Begin PBXContainerItemProxy section */
		B49072641AE6D471004E1464 /* PBXContainerItemProxy */ = {
			isa = PBXContainerItemProxy;
			containerPortal = B49072461AE6D471004E1464 /* Project object */;
			proxyType = 1;
			remoteGlobalIDString = B490724D1AE6D471004E1464;
			remoteInfo = OnTheMap;
		};
/* End PBXContainerItemProxy section */

/* Begin PBXFileReference section */
		40B159ABCD412C6888328760 /* Pods.release.xcconfig */ = {isa = PBXFileReference; includeInIndex = 1; lastKnownFileType = text.xcconfig; name = Pods.release.xcconfig; path = "Pods/Target Support Files/Pods/Pods.release.xcconfig"; sourceTree = "<group>"; };
		4FD828098F512DE98B80BC1E /* Pods.debug.xcconfig */ = {isa = PBXFileReference; includeInIndex = 1; lastKnownFileType = text.xcconfig; name = Pods.debug.xcconfig; path = "Pods/Target Support Files/Pods/Pods.debug.xcconfig"; sourceTree = "<group>"; };
		B405617B1B32DCFE00A56B02 /* MapKit.framework */ = {isa = PBXFileReference; lastKnownFileType = wrapper.framework; name = MapKit.framework; path = System/Library/Frameworks/MapKit.framework; sourceTree = SDKROOT; };
		B408A99C1B1EF33B00D8466D /* Roboto-Medium.ttf */ = {isa = PBXFileReference; lastKnownFileType = file; name = "Roboto-Medium.ttf"; path = "../Roboto-Medium.ttf"; sourceTree = "<group>"; };
		B408A99D1B1EF33B00D8466D /* Roboto-Regular.ttf */ = {isa = PBXFileReference; lastKnownFileType = file; name = "Roboto-Regular.ttf"; path = "../Roboto-Regular.ttf"; sourceTree = "<group>"; };
		B408A99E1B1EF33B00D8466D /* Roboto-Thin.ttf */ = {isa = PBXFileReference; lastKnownFileType = file; name = "Roboto-Thin.ttf"; path = "../Roboto-Thin.ttf"; sourceTree = "<group>"; };
		B408A9A31B1F82F500D8466D /* StudentLocation.swift */ = {isa = PBXFileReference; fileEncoding = 4; lastKnownFileType = sourcecode.swift; path = StudentLocation.swift; sourceTree = "<group>"; };
		B408F1831B6247580053D158 /* BorderedButton.swift */ = {isa = PBXFileReference; fileEncoding = 4; lastKnownFileType = sourcecode.swift; path = BorderedButton.swift; sourceTree = "<group>"; };
		B40B974A1B36BEB100A68A37 /* InfoPostingViewController.swift */ = {isa = PBXFileReference; fileEncoding = 4; lastKnownFileType = sourcecode.swift; path = InfoPostingViewController.swift; sourceTree = "<group>"; };
		B41A46BD1B6459FE0020C36F /* SLViewController.swift */ = {isa = PBXFileReference; fileEncoding = 4; lastKnownFileType = sourcecode.swift; path = SLViewController.swift; sourceTree = "<group>"; };
		B42228701B55B0FD00B81DBF /* AlertWarning.swift */ = {isa = PBXFileReference; fileEncoding = 4; lastKnownFileType = sourcecode.swift; path = AlertWarning.swift; sourceTree = "<group>"; };
		B42C1E1A1B4BC4E400C31214 /* APIConvenience.swift */ = {isa = PBXFileReference; fileEncoding = 4; lastKnownFileType = sourcecode.swift; path = APIConvenience.swift; sourceTree = "<group>"; };
		B44799C31B54615300472AB8 /* NavigationBar.swift */ = {isa = PBXFileReference; fileEncoding = 4; lastKnownFileType = sourcecode.swift; path = NavigationBar.swift; sourceTree = "<group>"; };
		B490724E1AE6D471004E1464 /* OnTheMap.app */ = {isa = PBXFileReference; explicitFileType = wrapper.application; includeInIndex = 0; path = OnTheMap.app; sourceTree = BUILT_PRODUCTS_DIR; };
		B49072521AE6D471004E1464 /* Info.plist */ = {isa = PBXFileReference; lastKnownFileType = text.plist.xml; path = Info.plist; sourceTree = "<group>"; };
		B49072531AE6D471004E1464 /* AppDelegate.swift */ = {isa = PBXFileReference; lastKnownFileType = sourcecode.swift; path = AppDelegate.swift; sourceTree = "<group>"; };
		B49072581AE6D471004E1464 /* Base */ = {isa = PBXFileReference; lastKnownFileType = file.storyboard; name = Base; path = Base.lproj/Main.storyboard; sourceTree = "<group>"; };
		B490725A1AE6D471004E1464 /* Images.xcassets */ = {isa = PBXFileReference; lastKnownFileType = folder.assetcatalog; path = Images.xcassets; sourceTree = "<group>"; };
		B490725D1AE6D471004E1464 /* Base */ = {isa = PBXFileReference; lastKnownFileType = file.xib; name = Base; path = Base.lproj/LaunchScreen.xib; sourceTree = "<group>"; };
		B49072631AE6D471004E1464 /* OnTheMapTests.xctest */ = {isa = PBXFileReference; explicitFileType = wrapper.cfbundle; includeInIndex = 0; path = OnTheMapTests.xctest; sourceTree = BUILT_PRODUCTS_DIR; };
		B49072681AE6D471004E1464 /* Info.plist */ = {isa = PBXFileReference; lastKnownFileType = text.plist.xml; path = Info.plist; sourceTree = "<group>"; };
		B49072691AE6D471004E1464 /* OnTheMapTests.swift */ = {isa = PBXFileReference; lastKnownFileType = sourcecode.swift; path = OnTheMapTests.swift; sourceTree = "<group>"; };
		B49E51CF1B300716006D9523 /* MapViewController.swift */ = {isa = PBXFileReference; fileEncoding = 4; lastKnownFileType = sourcecode.swift; path = MapViewController.swift; sourceTree = "<group>"; };
		B49E51D11B300A49006D9523 /* ListViewController.swift */ = {isa = PBXFileReference; fileEncoding = 4; lastKnownFileType = sourcecode.swift; path = ListViewController.swift; sourceTree = "<group>"; };
		B4E24B281AFE8257004D3543 /* LoginViewController.swift */ = {isa = PBXFileReference; fileEncoding = 4; lastKnownFileType = sourcecode.swift; path = LoginViewController.swift; sourceTree = "<group>"; };
		B4E24B2D1B009A92004D3543 /* APIClient.swift */ = {isa = PBXFileReference; fileEncoding = 4; lastKnownFileType = sourcecode.swift; path = APIClient.swift; sourceTree = "<group>"; };
		B4E24B2F1B0606D6004D3543 /* APIConstants.swift */ = {isa = PBXFileReference; fileEncoding = 4; lastKnownFileType = sourcecode.swift; path = APIConstants.swift; sourceTree = "<group>"; };
		F2F6B3438E2E8B4FF5D0FBEB /* Pods.framework */ = {isa = PBXFileReference; explicitFileType = wrapper.framework; includeInIndex = 0; path = Pods.framework; sourceTree = BUILT_PRODUCTS_DIR; };
/* End PBXFileReference section */

/* Begin PBXFrameworksBuildPhase section */
		B490724B1AE6D471004E1464 /* Frameworks */ = {
			isa = PBXFrameworksBuildPhase;
			buildActionMask = 2147483647;
			files = (
				B405617C1B32DCFE00A56B02 /* MapKit.framework in Frameworks */,
				52F638A14F2287E46E720DDC /* Pods.framework in Frameworks */,
			);
			runOnlyForDeploymentPostprocessing = 0;
		};
		B49072601AE6D471004E1464 /* Frameworks */ = {
			isa = PBXFrameworksBuildPhase;
			buildActionMask = 2147483647;
			files = (
			);
			runOnlyForDeploymentPostprocessing = 0;
		};
/* End PBXFrameworksBuildPhase section */

/* Begin PBXGroup section */
		27847328C12F7050DEC88673 /* Pods */ = {
			isa = PBXGroup;
			children = (
				4FD828098F512DE98B80BC1E /* Pods.debug.xcconfig */,
				40B159ABCD412C6888328760 /* Pods.release.xcconfig */,
			);
			name = Pods;
			sourceTree = "<group>";
		};
		B408A9A21B1EF34600D8466D /* Fonts */ = {
			isa = PBXGroup;
			children = (
				B408A99C1B1EF33B00D8466D /* Roboto-Medium.ttf */,
				B408A99D1B1EF33B00D8466D /* Roboto-Regular.ttf */,
				B408A99E1B1EF33B00D8466D /* Roboto-Thin.ttf */,
			);
			name = Fonts;
			sourceTree = "<group>";
		};
		B49072451AE6D471004E1464 = {
			isa = PBXGroup;
			children = (
				B405617B1B32DCFE00A56B02 /* MapKit.framework */,
				B49072501AE6D471004E1464 /* OnTheMap */,
				B49072661AE6D471004E1464 /* OnTheMapTests */,
				B490724F1AE6D471004E1464 /* Products */,
				27847328C12F7050DEC88673 /* Pods */,
				C3D7C4AA03B9E8B4AB0E9F65 /* Frameworks */,
			);
			sourceTree = "<group>";
		};
		B490724F1AE6D471004E1464 /* Products */ = {
			isa = PBXGroup;
			children = (
				B490724E1AE6D471004E1464 /* OnTheMap.app */,
				B49072631AE6D471004E1464 /* OnTheMapTests.xctest */,
			);
			name = Products;
			sourceTree = "<group>";
		};
		B49072501AE6D471004E1464 /* OnTheMap */ = {
			isa = PBXGroup;
			children = (
				B49072531AE6D471004E1464 /* AppDelegate.swift */,
				B4E24B2A1AFE87A6004D3543 /* Controller */,
				B4E24B2B1B0099CE004D3543 /* Model */,
				B4E24B2C1B0099FC004D3543 /* View */,
				B49072511AE6D471004E1464 /* Supporting Files */,
			);
			path = OnTheMap;
			sourceTree = "<group>";
		};
		B49072511AE6D471004E1464 /* Supporting Files */ = {
			isa = PBXGroup;
			children = (
				B408A9A21B1EF34600D8466D /* Fonts */,
				B490725A1AE6D471004E1464 /* Images.xcassets */,
				B49072571AE6D471004E1464 /* Main.storyboard */,
				B490725C1AE6D471004E1464 /* LaunchScreen.xib */,
				B49072521AE6D471004E1464 /* Info.plist */,
			);
			name = "Supporting Files";
			sourceTree = "<group>";
		};
		B49072661AE6D471004E1464 /* OnTheMapTests */ = {
			isa = PBXGroup;
			children = (
				B49072691AE6D471004E1464 /* OnTheMapTests.swift */,
				B49072671AE6D471004E1464 /* Supporting Files */,
			);
			path = OnTheMapTests;
			sourceTree = "<group>";
		};
		B49072671AE6D471004E1464 /* Supporting Files */ = {
			isa = PBXGroup;
			children = (
				B49072681AE6D471004E1464 /* Info.plist */,
			);
			name = "Supporting Files";
			sourceTree = "<group>";
		};
		B4E24B2A1AFE87A6004D3543 /* Controller */ = {
			isa = PBXGroup;
			children = (
				B4E24B281AFE8257004D3543 /* LoginViewController.swift */,
				B49E51CF1B300716006D9523 /* MapViewController.swift */,
				B49E51D11B300A49006D9523 /* ListViewController.swift */,
				B40B974A1B36BEB100A68A37 /* InfoPostingViewController.swift */,
				B41A46BD1B6459FE0020C36F /* SLViewController.swift */,
			);
			name = Controller;
			sourceTree = "<group>";
		};
		B4E24B2B1B0099CE004D3543 /* Model */ = {
			isa = PBXGroup;
			children = (
				B4E24B2D1B009A92004D3543 /* APIClient.swift */,
				B42C1E1A1B4BC4E400C31214 /* APIConvenience.swift */,
				B4E24B2F1B0606D6004D3543 /* APIConstants.swift */,
				B408A9A31B1F82F500D8466D /* StudentLocation.swift */,
			);
			name = Model;
			sourceTree = "<group>";
		};
		B4E24B2C1B0099FC004D3543 /* View */ = {
			isa = PBXGroup;
			children = (
				B44799C31B54615300472AB8 /* NavigationBar.swift */,
				B42228701B55B0FD00B81DBF /* AlertWarning.swift */,
				B408F1831B6247580053D158 /* BorderedButton.swift */,
			);
			name = View;
			sourceTree = "<group>";
		};
		C3D7C4AA03B9E8B4AB0E9F65 /* Frameworks */ = {
			isa = PBXGroup;
			children = (
				F2F6B3438E2E8B4FF5D0FBEB /* Pods.framework */,
			);
			name = Frameworks;
			sourceTree = "<group>";
		};
/* End PBXGroup section */

/* Begin PBXNativeTarget section */
		B490724D1AE6D471004E1464 /* OnTheMap */ = {
			isa = PBXNativeTarget;
			buildConfigurationList = B490726D1AE6D471004E1464 /* Build configuration list for PBXNativeTarget "OnTheMap" */;
			buildPhases = (
				B7A3F59B074F11E3B26AA7CE /* Check Pods Manifest.lock */,
				B490724A1AE6D471004E1464 /* Sources */,
				B490724B1AE6D471004E1464 /* Frameworks */,
				B490724C1AE6D471004E1464 /* Resources */,
				8B47BB9C10C9EE92063E1573 /* Copy Pods Resources */,
				359D0971B4BC6B6BFA43A1CC /* Embed Pods Frameworks */,
			);
			buildRules = (
			);
			dependencies = (
			);
			name = OnTheMap;
			productName = OnTheMap;
			productReference = B490724E1AE6D471004E1464 /* OnTheMap.app */;
			productType = "com.apple.product-type.application";
		};
		B49072621AE6D471004E1464 /* OnTheMapTests */ = {
			isa = PBXNativeTarget;
			buildConfigurationList = B49072701AE6D471004E1464 /* Build configuration list for PBXNativeTarget "OnTheMapTests" */;
			buildPhases = (
				B490725F1AE6D471004E1464 /* Sources */,
				B49072601AE6D471004E1464 /* Frameworks */,
				B49072611AE6D471004E1464 /* Resources */,
			);
			buildRules = (
			);
			dependencies = (
				B49072651AE6D471004E1464 /* PBXTargetDependency */,
			);
			name = OnTheMapTests;
			productName = OnTheMapTests;
			productReference = B49072631AE6D471004E1464 /* OnTheMapTests.xctest */;
			productType = "com.apple.product-type.bundle.unit-test";
		};
/* End PBXNativeTarget section */

/* Begin PBXProject section */
		B49072461AE6D471004E1464 /* Project object */ = {
			isa = PBXProject;
			attributes = {
				LastSwiftUpdateCheck = 0700;
				LastUpgradeCheck = 0710;
				ORGANIZATIONNAME = "Victor Guerra";
				TargetAttributes = {
					B490724D1AE6D471004E1464 = {
						CreatedOnToolsVersion = 6.3;
						SystemCapabilities = {
							com.apple.Maps.iOS = {
								enabled = 0;
							};
						};
					};
					B49072621AE6D471004E1464 = {
						CreatedOnToolsVersion = 6.3;
						TestTargetID = B490724D1AE6D471004E1464;
					};
				};
			};
			buildConfigurationList = B49072491AE6D471004E1464 /* Build configuration list for PBXProject "OnTheMap" */;
			compatibilityVersion = "Xcode 3.2";
			developmentRegion = English;
			hasScannedForEncodings = 0;
			knownRegions = (
				en,
				Base,
			);
			mainGroup = B49072451AE6D471004E1464;
			productRefGroup = B490724F1AE6D471004E1464 /* Products */;
			projectDirPath = "";
			projectRoot = "";
			targets = (
				B490724D1AE6D471004E1464 /* OnTheMap */,
				B49072621AE6D471004E1464 /* OnTheMapTests */,
			);
		};
/* End PBXProject section */

/* Begin PBXResourcesBuildPhase section */
		B490724C1AE6D471004E1464 /* Resources */ = {
			isa = PBXResourcesBuildPhase;
			buildActionMask = 2147483647;
			files = (
				B408A99F1B1EF33B00D8466D /* Roboto-Medium.ttf in Resources */,
				B49072591AE6D471004E1464 /* Main.storyboard in Resources */,
				B408A9A11B1EF33B00D8466D /* Roboto-Thin.ttf in Resources */,
				B408A9A01B1EF33B00D8466D /* Roboto-Regular.ttf in Resources */,
				B490725E1AE6D471004E1464 /* LaunchScreen.xib in Resources */,
				B490725B1AE6D471004E1464 /* Images.xcassets in Resources */,
			);
			runOnlyForDeploymentPostprocessing = 0;
		};
		B49072611AE6D471004E1464 /* Resources */ = {
			isa = PBXResourcesBuildPhase;
			buildActionMask = 2147483647;
			files = (
			);
			runOnlyForDeploymentPostprocessing = 0;
		};
/* End PBXResourcesBuildPhase section */

/* Begin PBXShellScriptBuildPhase section */
		359D0971B4BC6B6BFA43A1CC /* Embed Pods Frameworks */ = {
			isa = PBXShellScriptBuildPhase;
			buildActionMask = 2147483647;
			files = (
			);
			inputPaths = (
			);
			name = "Embed Pods Frameworks";
			outputPaths = (
			);
			runOnlyForDeploymentPostprocessing = 0;
			shellPath = /bin/sh;
			shellScript = "\"${SRCROOT}/Pods/Target Support Files/Pods/Pods-frameworks.sh\"\n";
			showEnvVarsInLog = 0;
		};
		8B47BB9C10C9EE92063E1573 /* Copy Pods Resources */ = {
			isa = PBXShellScriptBuildPhase;
			buildActionMask = 2147483647;
			files = (
			);
			inputPaths = (
			);
			name = "Copy Pods Resources";
			outputPaths = (
			);
			runOnlyForDeploymentPostprocessing = 0;
			shellPath = /bin/sh;
			shellScript = "\"${SRCROOT}/Pods/Target Support Files/Pods/Pods-resources.sh\"\n";
			showEnvVarsInLog = 0;
		};
		B7A3F59B074F11E3B26AA7CE /* Check Pods Manifest.lock */ = {
			isa = PBXShellScriptBuildPhase;
			buildActionMask = 2147483647;
			files = (
			);
			inputPaths = (
			);
			name = "Check Pods Manifest.lock";
			outputPaths = (
			);
			runOnlyForDeploymentPostprocessing = 0;
			shellPath = /bin/sh;
			shellScript = "diff \"${PODS_ROOT}/../Podfile.lock\" \"${PODS_ROOT}/Manifest.lock\" > /dev/null\nif [[ $? != 0 ]] ; then\n    cat << EOM\nerror: The sandbox is not in sync with the Podfile.lock. Run 'pod install' or update your CocoaPods installation.\nEOM\n    exit 1\nfi\n";
			showEnvVarsInLog = 0;
		};
/* End PBXShellScriptBuildPhase section */

/* Begin PBXSourcesBuildPhase section */
		B490724A1AE6D471004E1464 /* Sources */ = {
			isa = PBXSourcesBuildPhase;
			buildActionMask = 2147483647;
			files = (
				B4E24B2E1B009A92004D3543 /* APIClient.swift in Sources */,
				B40B974B1B36BEB100A68A37 /* InfoPostingViewController.swift in Sources */,
				B408F1841B6247580053D158 /* BorderedButton.swift in Sources */,
				B4E24B291AFE8257004D3543 /* LoginViewController.swift in Sources */,
				B41A46BE1B6459FE0020C36F /* SLViewController.swift in Sources */,
				B4E24B301B0606D6004D3543 /* APIConstants.swift in Sources */,
				B42C1E1B1B4BC4E400C31214 /* APIConvenience.swift in Sources */,
				B44799C41B54615300472AB8 /* NavigationBar.swift in Sources */,
				B49E51D21B300A49006D9523 /* ListViewController.swift in Sources */,
				B408A9A41B1F82F500D8466D /* StudentLocation.swift in Sources */,
				B42228711B55B0FD00B81DBF /* AlertWarning.swift in Sources */,
				B49072541AE6D471004E1464 /* AppDelegate.swift in Sources */,
				B49E51D01B300716006D9523 /* MapViewController.swift in Sources */,
			);
			runOnlyForDeploymentPostprocessing = 0;
		};
		B490725F1AE6D471004E1464 /* Sources */ = {
			isa = PBXSourcesBuildPhase;
			buildActionMask = 2147483647;
			files = (
				B490726A1AE6D471004E1464 /* OnTheMapTests.swift in Sources */,
			);
			runOnlyForDeploymentPostprocessing = 0;
		};
/* End PBXSourcesBuildPhase section */

/* Begin PBXTargetDependency section */
		B49072651AE6D471004E1464 /* PBXTargetDependency */ = {
			isa = PBXTargetDependency;
			target = B490724D1AE6D471004E1464 /* OnTheMap */;
			targetProxy = B49072641AE6D471004E1464 /* PBXContainerItemProxy */;
		};
/* End PBXTargetDependency section */

/* Begin PBXVariantGroup section */
		B49072571AE6D471004E1464 /* Main.storyboard */ = {
			isa = PBXVariantGroup;
			children = (
				B49072581AE6D471004E1464 /* Base */,
			);
			name = Main.storyboard;
			sourceTree = "<group>";
		};
		B490725C1AE6D471004E1464 /* LaunchScreen.xib */ = {
			isa = PBXVariantGroup;
			children = (
				B490725D1AE6D471004E1464 /* Base */,
			);
			name = LaunchScreen.xib;
			sourceTree = "<group>";
		};
/* End PBXVariantGroup section */

/* Begin XCBuildConfiguration section */
		B490726B1AE6D471004E1464 /* Debug */ = {
			isa = XCBuildConfiguration;
			buildSettings = {
				ALWAYS_SEARCH_USER_PATHS = NO;
				CLANG_CXX_LANGUAGE_STANDARD = "gnu++0x";
				CLANG_CXX_LIBRARY = "libc++";
				CLANG_ENABLE_MODULES = YES;
				CLANG_ENABLE_OBJC_ARC = YES;
				CLANG_WARN_BOOL_CONVERSION = YES;
				CLANG_WARN_CONSTANT_CONVERSION = YES;
				CLANG_WARN_DIRECT_OBJC_ISA_USAGE = YES_ERROR;
				CLANG_WARN_EMPTY_BODY = YES;
				CLANG_WARN_ENUM_CONVERSION = YES;
				CLANG_WARN_INT_CONVERSION = YES;
				CLANG_WARN_OBJC_ROOT_CLASS = YES_ERROR;
				CLANG_WARN_UNREACHABLE_CODE = YES;
				CLANG_WARN__DUPLICATE_METHOD_MATCH = YES;
				"CODE_SIGN_IDENTITY[sdk=iphoneos*]" = "iPhone Developer";
				COPY_PHASE_STRIP = NO;
				DEBUG_INFORMATION_FORMAT = "dwarf-with-dsym";
				ENABLE_STRICT_OBJC_MSGSEND = YES;
				ENABLE_TESTABILITY = YES;
				GCC_C_LANGUAGE_STANDARD = gnu99;
				GCC_DYNAMIC_NO_PIC = NO;
				GCC_NO_COMMON_BLOCKS = YES;
				GCC_OPTIMIZATION_LEVEL = 0;
				GCC_PREPROCESSOR_DEFINITIONS = (
					"DEBUG=1",
					"$(inherited)",
				);
				GCC_SYMBOLS_PRIVATE_EXTERN = NO;
				GCC_WARN_64_TO_32_BIT_CONVERSION = YES;
				GCC_WARN_ABOUT_RETURN_TYPE = YES_ERROR;
				GCC_WARN_UNDECLARED_SELECTOR = YES;
				GCC_WARN_UNINITIALIZED_AUTOS = YES_AGGRESSIVE;
				GCC_WARN_UNUSED_FUNCTION = YES;
				GCC_WARN_UNUSED_VARIABLE = YES;
				IPHONEOS_DEPLOYMENT_TARGET = 8.3;
				MTL_ENABLE_DEBUG_INFO = YES;
				ONLY_ACTIVE_ARCH = YES;
				SDKROOT = iphoneos;
				SWIFT_OPTIMIZATION_LEVEL = "-Onone";
			};
			name = Debug;
		};
		B490726C1AE6D471004E1464 /* Release */ = {
			isa = XCBuildConfiguration;
			buildSettings = {
				ALWAYS_SEARCH_USER_PATHS = NO;
				CLANG_CXX_LANGUAGE_STANDARD = "gnu++0x";
				CLANG_CXX_LIBRARY = "libc++";
				CLANG_ENABLE_MODULES = YES;
				CLANG_ENABLE_OBJC_ARC = YES;
				CLANG_WARN_BOOL_CONVERSION = YES;
				CLANG_WARN_CONSTANT_CONVERSION = YES;
				CLANG_WARN_DIRECT_OBJC_ISA_USAGE = YES_ERROR;
				CLANG_WARN_EMPTY_BODY = YES;
				CLANG_WARN_ENUM_CONVERSION = YES;
				CLANG_WARN_INT_CONVERSION = YES;
				CLANG_WARN_OBJC_ROOT_CLASS = YES_ERROR;
				CLANG_WARN_UNREACHABLE_CODE = YES;
				CLANG_WARN__DUPLICATE_METHOD_MATCH = YES;
				"CODE_SIGN_IDENTITY[sdk=iphoneos*]" = "iPhone Developer";
				COPY_PHASE_STRIP = NO;
				DEBUG_INFORMATION_FORMAT = "dwarf-with-dsym";
				ENABLE_NS_ASSERTIONS = NO;
				ENABLE_STRICT_OBJC_MSGSEND = YES;
				GCC_C_LANGUAGE_STANDARD = gnu99;
				GCC_NO_COMMON_BLOCKS = YES;
				GCC_WARN_64_TO_32_BIT_CONVERSION = YES;
				GCC_WARN_ABOUT_RETURN_TYPE = YES_ERROR;
				GCC_WARN_UNDECLARED_SELECTOR = YES;
				GCC_WARN_UNINITIALIZED_AUTOS = YES_AGGRESSIVE;
				GCC_WARN_UNUSED_FUNCTION = YES;
				GCC_WARN_UNUSED_VARIABLE = YES;
				IPHONEOS_DEPLOYMENT_TARGET = 8.3;
				MTL_ENABLE_DEBUG_INFO = NO;
				SDKROOT = iphoneos;
				VALIDATE_PRODUCT = YES;
			};
			name = Release;
		};
		B490726E1AE6D471004E1464 /* Debug */ = {
			isa = XCBuildConfiguration;
			baseConfigurationReference = 4FD828098F512DE98B80BC1E /* Pods.debug.xcconfig */;
			buildSettings = {
				ASSETCATALOG_COMPILER_APPICON_NAME = AppIcon;
				INFOPLIST_FILE = OnTheMap/Info.plist;
				LD_RUNPATH_SEARCH_PATHS = "$(inherited) @executable_path/Frameworks";
				PRODUCT_BUNDLE_IDENTIFIER = "vg.blg.$(PRODUCT_NAME:rfc1034identifier)";
				PRODUCT_NAME = "$(TARGET_NAME)";
			};
			name = Debug;
		};
		B490726F1AE6D471004E1464 /* Release */ = {
			isa = XCBuildConfiguration;
			baseConfigurationReference = 40B159ABCD412C6888328760 /* Pods.release.xcconfig */;
			buildSettings = {
				ASSETCATALOG_COMPILER_APPICON_NAME = AppIcon;
				INFOPLIST_FILE = OnTheMap/Info.plist;
				LD_RUNPATH_SEARCH_PATHS = "$(inherited) @executable_path/Frameworks";
				PRODUCT_BUNDLE_IDENTIFIER = "vg.blg.$(PRODUCT_NAME:rfc1034identifier)";
				PRODUCT_NAME = "$(TARGET_NAME)";
			};
			name = Release;
		};
		B49072711AE6D471004E1464 /* Debug */ = {
			isa = XCBuildConfiguration;
			buildSettings = {
				BUNDLE_LOADER = "$(TEST_HOST)";
				FRAMEWORK_SEARCH_PATHS = "";
				GCC_PREPROCESSOR_DEFINITIONS = (
					"DEBUG=1",
					"$(inherited)",
				);
				INFOPLIST_FILE = OnTheMapTests/Info.plist;
				LD_RUNPATH_SEARCH_PATHS = "$(inherited) @executable_path/Frameworks @loader_path/Frameworks";
				PRODUCT_BUNDLE_IDENTIFIER = "vg.blg.$(PRODUCT_NAME:rfc1034identifier)";
				PRODUCT_NAME = "$(TARGET_NAME)";
				TEST_HOST = "$(BUILT_PRODUCTS_DIR)/OnTheMap.app/OnTheMap";
			};
			name = Debug;
		};
		B49072721AE6D471004E1464 /* Release */ = {
			isa = XCBuildConfiguration;
			buildSettings = {
				BUNDLE_LOADER = "$(TEST_HOST)";
				FRAMEWORK_SEARCH_PATHS = "";
				INFOPLIST_FILE = OnTheMapTests/Info.plist;
				LD_RUNPATH_SEARCH_PATHS = "$(inherited) @executable_path/Frameworks @loader_path/Frameworks";
				PRODUCT_BUNDLE_IDENTIFIER = "vg.blg.$(PRODUCT_NAME:rfc1034identifier)";
				PRODUCT_NAME = "$(TARGET_NAME)";
				TEST_HOST = "$(BUILT_PRODUCTS_DIR)/OnTheMap.app/OnTheMap";
			};
			name = Release;
		};
/* End XCBuildConfiguration section */

/* Begin XCConfigurationList section */
		B49072491AE6D471004E1464 /* Build configuration list for PBXProject "OnTheMap" */ = {
			isa = XCConfigurationList;
			buildConfigurations = (
				B490726B1AE6D471004E1464 /* Debug */,
				B490726C1AE6D471004E1464 /* Release */,
			);
			defaultConfigurationIsVisible = 0;
			defaultConfigurationName = Release;
		};
		B490726D1AE6D471004E1464 /* Build configuration list for PBXNativeTarget "OnTheMap" */ = {
			isa = XCConfigurationList;
			buildConfigurations = (
				B490726E1AE6D471004E1464 /* Debug */,
				B490726F1AE6D471004E1464 /* Release */,
			);
			defaultConfigurationIsVisible = 0;
			defaultConfigurationName = Release;
		};
		B49072701AE6D471004E1464 /* Build configuration list for PBXNativeTarget "OnTheMapTests" */ = {
			isa = XCConfigurationList;
			buildConfigurations = (
				B49072711AE6D471004E1464 /* Debug */,
				B49072721AE6D471004E1464 /* Release */,
			);
			defaultConfigurationIsVisible = 0;
			defaultConfigurationName = Release;
		};
/* End XCConfigurationList section */
	};
	rootObject = B49072461AE6D471004E1464 /* Project object */;
}
